
Microsoft Visual Studio Solution File, Format Version 12.00
# Visual Studio Version 16
VisualStudioVersion = 16.0.29613.14
MinimumVisualStudioVersion = 10.0.40219.1
Project("{FAE04EC0-301F-11D3-BF4B-00C04F79EFBC}") = "BookStore", "BookStore\BookStore.csproj", "{0EB147C3-A07B-40D3-B75C-B0161B00D7FB}"
EndProject
Global
	GlobalSection(SolutionConfigurationPlatforms) = preSolution
		Debug|Any CPU = Debug|Any CPU
		Release|Any CPU = Release|Any CPU
	EndGlobalSection
	GlobalSection(ProjectConfigurationPlatforms) = postSolution
		{0EB147C3-A07B-40D3-B75C-B0161B00D7FB}.Debug|Any CPU.ActiveCfg = Debug|Any CPU
		{0EB147C3-A07B-40D3-B75C-B0161B00D7FB}.Debug|Any CPU.Build.0 = Debug|Any CPU
		{0EB147C3-A07B-40D3-B75C-B0161B00D7FB}.Release|Any CPU.ActiveCfg = Release|Any CPU
		{0EB147C3-A07B-40D3-B75C-B0161B00D7FB}.Release|Any CPU.Build.0 = Release|Any CPU
	EndGlobalSection
	GlobalSection(SolutionProperties) = preSolution
		HideSolutionNode = FALSE
	EndGlobalSection
	GlobalSection(ExtensibilityGlobals) = postSolution
		SolutionGuid = {E7DB9CEF-F12E-4EF2-92C7-1142F8F1DF7C}
	EndGlobalSection
EndGlobal
